
Microsoft Visual Studio Solution File, Format Version 12.00
# Visual Studio Version 17
VisualStudioVersion = 17.8.34525.116
MinimumVisualStudioVersion = 10.0.40219.1
Project("{2150E333-8FDC-42A3-9474-1A3956D46DE8}") = "src", "src", "{B437DF10-57AA-4E79-AE4F-5E0386400CD1}"
EndProject
Project("{2150E333-8FDC-42A3-9474-1A3956D46DE8}") = "core", "core", "{7BB06287-71D8-401E-B9EF-802689FD9BCB}"
EndProject
Project("{2150E333-8FDC-42A3-9474-1A3956D46DE8}") = "tests", "tests", "{40390AA1-E97E-49DF-B9BF-DEF18967C3D7}"
EndProject
Project("{FAE04EC0-301F-11D3-BF4B-00C04F79EFBC}") = "TeachMeHow.Host", "TeachMeHow.Host\TeachMeHow.Host.csproj", "{2B9A2502-C7AF-4DF3-B521-73D81CBFF1E8}"
EndProject
Project("{FAE04EC0-301F-11D3-BF4B-00C04F79EFBC}") = "TeachMeHow.Application", "TeachMeHow.Application\TeachMeHow.Application.csproj", "{6460EEB6-663C-473B-A519-6B01B0FD9177}"
EndProject
Project("{FAE04EC0-301F-11D3-BF4B-00C04F79EFBC}") = "TeachMeHow.Domain", "TeachMeHow.Domain\TeachMeHow.Domain.csproj", "{26B5DA44-67FE-48CB-9660-A8A9A07E08F2}"
EndProject
Project("{FAE04EC0-301F-11D3-BF4B-00C04F79EFBC}") = "TeachMeHow.Infrastructure", "TeachMeHow.Infrastructure\TeachMeHow.Infrastructure.csproj", "{C291B4D6-5192-476C-BE8B-4A65E20F82ED}"
EndProject
Project("{FAE04EC0-301F-11D3-BF4B-00C04F79EFBC}") = "TeachMeHow.Persistence", "TeachMeHow.Persistence\TeachMeHow.Persistence.csproj", "{A5368084-E736-43EA-A6A2-E7646D1D0343}"
EndProject
Project("{2150E333-8FDC-42A3-9474-1A3956D46DE8}") = "Infrastructure", "Infrastructure", "{6F5FE1E0-5750-4986-8229-6217078FB4DB}"
EndProject
Project("{FAE04EC0-301F-11D3-BF4B-00C04F79EFBC}") = "TeachMeHow.Shared", "TeachMeHow.Shared\TeachMeHow.Shared.csproj", "{4CF35CB6-C573-41AB-9392-F4286F4862E3}"
EndProject
Project("{2150E333-8FDC-42A3-9474-1A3956D46DE8}") = "Api", "Api", "{772D9EA9-02CF-43D7-AA21-91E9633A53F8}"
EndProject
Project("{2150E333-8FDC-42A3-9474-1A3956D46DE8}") = "Migrators", "Migrators", "{1C04EDE7-0BEE-4FAA-9038-D531D2478524}"
EndProject
Project("{FAE04EC0-301F-11D3-BF4B-00C04F79EFBC}") = "Migrators.MSSQL", "Migrators.MSSQL\Migrators.MSSQL.csproj", "{D0EDDA3A-26AC-4F81-82A2-83E5FAEE98FC}"
EndProject
Global
	GlobalSection(SolutionConfigurationPlatforms) = preSolution
		Debug|Any CPU = Debug|Any CPU
		Release|Any CPU = Release|Any CPU
	EndGlobalSection
	GlobalSection(ProjectConfigurationPlatforms) = postSolution
		{2B9A2502-C7AF-4DF3-B521-73D81CBFF1E8}.Debug|Any CPU.ActiveCfg = Debug|Any CPU
		{2B9A2502-C7AF-4DF3-B521-73D81CBFF1E8}.Debug|Any CPU.Build.0 = Debug|Any CPU
		{2B9A2502-C7AF-4DF3-B521-73D81CBFF1E8}.Release|Any CPU.ActiveCfg = Release|Any CPU
		{2B9A2502-C7AF-4DF3-B521-73D81CBFF1E8}.Release|Any CPU.Build.0 = Release|Any CPU
		{6460EEB6-663C-473B-A519-6B01B0FD9177}.Debug|Any CPU.ActiveCfg = Debug|Any CPU
		{6460EEB6-663C-473B-A519-6B01B0FD9177}.Debug|Any CPU.Build.0 = Debug|Any CPU
		{6460EEB6-663C-473B-A519-6B01B0FD9177}.Release|Any CPU.ActiveCfg = Release|Any CPU
		{6460EEB6-663C-473B-A519-6B01B0FD9177}.Release|Any CPU.Build.0 = Release|Any CPU
		{26B5DA44-67FE-48CB-9660-A8A9A07E08F2}.Debug|Any CPU.ActiveCfg = Debug|Any CPU
		{26B5DA44-67FE-48CB-9660-A8A9A07E08F2}.Debug|Any CPU.Build.0 = Debug|Any CPU
		{26B5DA44-67FE-48CB-9660-A8A9A07E08F2}.Release|Any CPU.ActiveCfg = Release|Any CPU
		{26B5DA44-67FE-48CB-9660-A8A9A07E08F2}.Release|Any CPU.Build.0 = Release|Any CPU
		{C291B4D6-5192-476C-BE8B-4A65E20F82ED}.Debug|Any CPU.ActiveCfg = Debug|Any CPU
		{C291B4D6-5192-476C-BE8B-4A65E20F82ED}.Debug|Any CPU.Build.0 = Debug|Any CPU
		{C291B4D6-5192-476C-BE8B-4A65E20F82ED}.Release|Any CPU.ActiveCfg = Release|Any CPU
		{C291B4D6-5192-476C-BE8B-4A65E20F82ED}.Release|Any CPU.Build.0 = Release|Any CPU
		{A5368084-E736-43EA-A6A2-E7646D1D0343}.Debug|Any CPU.ActiveCfg = Debug|Any CPU
		{A5368084-E736-43EA-A6A2-E7646D1D0343}.Debug|Any CPU.Build.0 = Debug|Any CPU
		{A5368084-E736-43EA-A6A2-E7646D1D0343}.Release|Any CPU.ActiveCfg = Release|Any CPU
		{A5368084-E736-43EA-A6A2-E7646D1D0343}.Release|Any CPU.Build.0 = Release|Any CPU
		{4CF35CB6-C573-41AB-9392-F4286F4862E3}.Debug|Any CPU.ActiveCfg = Debug|Any CPU
		{4CF35CB6-C573-41AB-9392-F4286F4862E3}.Debug|Any CPU.Build.0 = Debug|Any CPU
		{4CF35CB6-C573-41AB-9392-F4286F4862E3}.Release|Any CPU.ActiveCfg = Release|Any CPU
		{4CF35CB6-C573-41AB-9392-F4286F4862E3}.Release|Any CPU.Build.0 = Release|Any CPU
		{D0EDDA3A-26AC-4F81-82A2-83E5FAEE98FC}.Debug|Any CPU.ActiveCfg = Debug|Any CPU
		{D0EDDA3A-26AC-4F81-82A2-83E5FAEE98FC}.Debug|Any CPU.Build.0 = Debug|Any CPU
		{D0EDDA3A-26AC-4F81-82A2-83E5FAEE98FC}.Release|Any CPU.ActiveCfg = Release|Any CPU
		{D0EDDA3A-26AC-4F81-82A2-83E5FAEE98FC}.Release|Any CPU.Build.0 = Release|Any CPU
	EndGlobalSection
	GlobalSection(SolutionProperties) = preSolution
		HideSolutionNode = FALSE
	EndGlobalSection
	GlobalSection(NestedProjects) = preSolution
		{7BB06287-71D8-401E-B9EF-802689FD9BCB} = {B437DF10-57AA-4E79-AE4F-5E0386400CD1}
		{2B9A2502-C7AF-4DF3-B521-73D81CBFF1E8} = {772D9EA9-02CF-43D7-AA21-91E9633A53F8}
		{6460EEB6-663C-473B-A519-6B01B0FD9177} = {7BB06287-71D8-401E-B9EF-802689FD9BCB}
		{26B5DA44-67FE-48CB-9660-A8A9A07E08F2} = {7BB06287-71D8-401E-B9EF-802689FD9BCB}
		{C291B4D6-5192-476C-BE8B-4A65E20F82ED} = {6F5FE1E0-5750-4986-8229-6217078FB4DB}
		{A5368084-E736-43EA-A6A2-E7646D1D0343} = {6F5FE1E0-5750-4986-8229-6217078FB4DB}
		{6F5FE1E0-5750-4986-8229-6217078FB4DB} = {B437DF10-57AA-4E79-AE4F-5E0386400CD1}
		{4CF35CB6-C573-41AB-9392-F4286F4862E3} = {7BB06287-71D8-401E-B9EF-802689FD9BCB}
		{772D9EA9-02CF-43D7-AA21-91E9633A53F8} = {B437DF10-57AA-4E79-AE4F-5E0386400CD1}
		{1C04EDE7-0BEE-4FAA-9038-D531D2478524} = {B437DF10-57AA-4E79-AE4F-5E0386400CD1}
		{D0EDDA3A-26AC-4F81-82A2-83E5FAEE98FC} = {1C04EDE7-0BEE-4FAA-9038-D531D2478524}
	EndGlobalSection
	GlobalSection(ExtensibilityGlobals) = postSolution
		SolutionGuid = {8AB91D06-7812-4FFD-99B0-A7C1C7BEB298}
	EndGlobalSection
EndGlobal
